
Microsoft Visual Studio Solution File, Format Version 12.00
# Visual Studio Version 17
VisualStudioVersion = 17.3.32901.215
MinimumVisualStudioVersion = 10.0.40219.1
Project("{FAE04EC0-301F-11D3-BF4B-00C04F79EFBC}") = "MatrApp", "MatrApp\MatrApp.csproj", "{5982747A-4953-4D97-A207-39B2F7DC41CA}"
EndProject
Global
	GlobalSection(SolutionConfigurationPlatforms) = preSolution
		Debug|Any CPU = Debug|Any CPU
		Release|Any CPU = Release|Any CPU
	EndGlobalSection
	GlobalSection(ProjectConfigurationPlatforms) = postSolution
		{5982747A-4953-4D97-A207-39B2F7DC41CA}.Debug|Any CPU.ActiveCfg = Debug|Any CPU
		{5982747A-4953-4D97-A207-39B2F7DC41CA}.Debug|Any CPU.Build.0 = Debug|Any CPU
		{5982747A-4953-4D97-A207-39B2F7DC41CA}.Release|Any CPU.ActiveCfg = Release|Any CPU
		{5982747A-4953-4D97-A207-39B2F7DC41CA}.Release|Any CPU.Build.0 = Release|Any CPU
	EndGlobalSection
	GlobalSection(SolutionProperties) = preSolution
		HideSolutionNode = FALSE
	EndGlobalSection
	GlobalSection(ExtensibilityGlobals) = postSolution
		SolutionGuid = {9B13D912-0CA9-49F1-A7ED-7D8999DEC3B7}
	EndGlobalSection
EndGlobal
