
Microsoft Visual Studio Solution File, Format Version 12.00
# Visual Studio Version 17
VisualStudioVersion = 17.3.32901.215
MinimumVisualStudioVersion = 10.0.40219.1
Project("{FAE04EC0-301F-11D3-BF4B-00C04F79EFBC}") = "StringAndLists", "StringAndLists\StringAndLists.csproj", "{FDBB8667-0E51-46B1-BD8C-64AF31FC05CB}"
EndProject
Global
	GlobalSection(SolutionConfigurationPlatforms) = preSolution
		Debug|Any CPU = Debug|Any CPU
		Release|Any CPU = Release|Any CPU
	EndGlobalSection
	GlobalSection(ProjectConfigurationPlatforms) = postSolution
		{FDBB8667-0E51-46B1-BD8C-64AF31FC05CB}.Debug|Any CPU.ActiveCfg = Debug|Any CPU
		{FDBB8667-0E51-46B1-BD8C-64AF31FC05CB}.Debug|Any CPU.Build.0 = Debug|Any CPU
		{FDBB8667-0E51-46B1-BD8C-64AF31FC05CB}.Release|Any CPU.ActiveCfg = Release|Any CPU
		{FDBB8667-0E51-46B1-BD8C-64AF31FC05CB}.Release|Any CPU.Build.0 = Release|Any CPU
	EndGlobalSection
	GlobalSection(SolutionProperties) = preSolution
		HideSolutionNode = FALSE
	EndGlobalSection
	GlobalSection(ExtensibilityGlobals) = postSolution
		SolutionGuid = {688F393F-0E1F-4FF7-9C53-F8308BF391E3}
	EndGlobalSection
EndGlobal
