
Microsoft Visual Studio Solution File, Format Version 12.00
# Visual Studio Version 17
VisualStudioVersion = 17.3.32929.385
MinimumVisualStudioVersion = 10.0.40219.1
Project("{FAE04EC0-301F-11D3-BF4B-00C04F79EFBC}") = "FractionApp", "FractionApp\FractionApp.csproj", "{4298E9BC-F492-40CA-BD12-8BE05880D154}"
EndProject
Global
	GlobalSection(SolutionConfigurationPlatforms) = preSolution
		Debug|Any CPU = Debug|Any CPU
		Release|Any CPU = Release|Any CPU
	EndGlobalSection
	GlobalSection(ProjectConfigurationPlatforms) = postSolution
		{4298E9BC-F492-40CA-BD12-8BE05880D154}.Debug|Any CPU.ActiveCfg = Debug|Any CPU
		{4298E9BC-F492-40CA-BD12-8BE05880D154}.Debug|Any CPU.Build.0 = Debug|Any CPU
		{4298E9BC-F492-40CA-BD12-8BE05880D154}.Release|Any CPU.ActiveCfg = Release|Any CPU
		{4298E9BC-F492-40CA-BD12-8BE05880D154}.Release|Any CPU.Build.0 = Release|Any CPU
	EndGlobalSection
	GlobalSection(SolutionProperties) = preSolution
		HideSolutionNode = FALSE
	EndGlobalSection
	GlobalSection(ExtensibilityGlobals) = postSolution
		SolutionGuid = {2B6D81C7-BC8F-4DE7-A368-ACFD8E2187A8}
	EndGlobalSection
EndGlobal
